
Microsoft Visual Studio Solution File, Format Version 12.00
# Visual Studio Version 17
VisualStudioVersion = 17.11.35312.102
MinimumVisualStudioVersion = 10.0.40219.1
Project("{8BC9CEB8-8B4A-11D0-8D11-00A0C91BC942}") = "lab4_lista_ordonata_indici", "lab4_lista_ordonata_indici.vcxproj", "{7673E6BC-924C-42B1-B513-E054A8B3A877}"
EndProject
Global
	GlobalSection(SolutionConfigurationPlatforms) = preSolution
		Debug|x64 = Debug|x64
		Debug|x86 = Debug|x86
		Release|x64 = Release|x64
		Release|x86 = Release|x86
	EndGlobalSection
	GlobalSection(ProjectConfigurationPlatforms) = postSolution
		{7673E6BC-924C-42B1-B513-E054A8B3A877}.Debug|x64.ActiveCfg = Debug|x64
		{7673E6BC-924C-42B1-B513-E054A8B3A877}.Debug|x64.Build.0 = Debug|x64
		{7673E6BC-924C-42B1-B513-E054A8B3A877}.Debug|x86.ActiveCfg = Debug|Win32
		{7673E6BC-924C-42B1-B513-E054A8B3A877}.Debug|x86.Build.0 = Debug|Win32
		{7673E6BC-924C-42B1-B513-E054A8B3A877}.Release|x64.ActiveCfg = Release|x64
		{7673E6BC-924C-42B1-B513-E054A8B3A877}.Release|x64.Build.0 = Release|x64
		{7673E6BC-924C-42B1-B513-E054A8B3A877}.Release|x86.ActiveCfg = Release|Win32
		{7673E6BC-924C-42B1-B513-E054A8B3A877}.Release|x86.Build.0 = Release|Win32
	EndGlobalSection
	GlobalSection(SolutionProperties) = preSolution
		HideSolutionNode = FALSE
	EndGlobalSection
	GlobalSection(ExtensibilityGlobals) = postSolution
		SolutionGuid = {30E44706-BA42-44CF-A31C-6FE13DB00862}
	EndGlobalSection
EndGlobal
