
Microsoft Visual Studio Solution File, Format Version 12.00
# Visual Studio Version 17
VisualStudioVersion = 17.11.35312.102
MinimumVisualStudioVersion = 10.0.40219.1
Project("{8BC9CEB8-8B4A-11D0-8D11-00A0C91BC942}") = "lab6_7_farmacie", "lab6_7_farmacie.vcxproj", "{46A7A17F-3DFF-4208-A554-85E689D697E9}"
EndProject
Global
	GlobalSection(SolutionConfigurationPlatforms) = preSolution
		Debug|x64 = Debug|x64
		Debug|x86 = Debug|x86
		Release|x64 = Release|x64
		Release|x86 = Release|x86
	EndGlobalSection
	GlobalSection(ProjectConfigurationPlatforms) = postSolution
		{46A7A17F-3DFF-4208-A554-85E689D697E9}.Debug|x64.ActiveCfg = Debug|x64
		{46A7A17F-3DFF-4208-A554-85E689D697E9}.Debug|x64.Build.0 = Debug|x64
		{46A7A17F-3DFF-4208-A554-85E689D697E9}.Debug|x86.ActiveCfg = Debug|Win32
		{46A7A17F-3DFF-4208-A554-85E689D697E9}.Debug|x86.Build.0 = Debug|Win32
		{46A7A17F-3DFF-4208-A554-85E689D697E9}.Release|x64.ActiveCfg = Release|x64
		{46A7A17F-3DFF-4208-A554-85E689D697E9}.Release|x64.Build.0 = Release|x64
		{46A7A17F-3DFF-4208-A554-85E689D697E9}.Release|x86.ActiveCfg = Release|Win32
		{46A7A17F-3DFF-4208-A554-85E689D697E9}.Release|x86.Build.0 = Release|Win32
	EndGlobalSection
	GlobalSection(SolutionProperties) = preSolution
		HideSolutionNode = FALSE
	EndGlobalSection
	GlobalSection(ExtensibilityGlobals) = postSolution
		SolutionGuid = {74E667D4-1B5B-4A79-A6BA-EF6BFEBB4B1F}
	EndGlobalSection
EndGlobal
